
Microsoft Visual Studio Solution File, Format Version 12.00
# Visual Studio Version 17
VisualStudioVersion = 17.5.002.0
MinimumVisualStudioVersion = 10.0.40219.1
Project("{9A19103F-16F7-4668-BE54-9A1E7A4F7556}") = "testing", "testing\testing.csproj", "{40D47A88-50A2-4A1E-B4B2-3CCB8713D936}"
EndProject
Project("{2150E333-8FDC-42A3-9474-1A3956D46DE8}") = "csharp-prep", "csharp-prep", "{D2CADF1A-3744-46C5-AD26-CF3A0842E92C}"
EndProject
Project("{9A19103F-16F7-4668-BE54-9A1E7A4F7556}") = "Prep1", "csharp-prep\Prep1\Prep1.csproj", "{FD220B8D-E7AA-45A0-B618-630554FD8D2C}"
EndProject
Project("{9A19103F-16F7-4668-BE54-9A1E7A4F7556}") = "Prep2", "csharp-prep\Prep2\Prep2.csproj", "{50958D14-78DE-4319-B2F1-6B40DF9CFE04}"
EndProject
Project("{9A19103F-16F7-4668-BE54-9A1E7A4F7556}") = "Prep3", "csharp-prep\Prep3\Prep3.csproj", "{7F0EDEC3-1C54-4406-889C-33280F7F6448}"
EndProject
Project("{9A19103F-16F7-4668-BE54-9A1E7A4F7556}") = "Prep4", "csharp-prep\Prep4\Prep4.csproj", "{B137E357-7216-44BD-A365-6D0F7BE29701}"
EndProject
Project("{9A19103F-16F7-4668-BE54-9A1E7A4F7556}") = "Prep5", "csharp-prep\Prep5\Prep5.csproj", "{EB47F63E-787B-4728-A8DD-F5482C3BF487}"
EndProject
Project("{2150E333-8FDC-42A3-9474-1A3956D46DE8}") = "final", "final", "{9800FF04-BE1A-423E-A849-6BC477511645}"
EndProject
Project("{9A19103F-16F7-4668-BE54-9A1E7A4F7556}") = "FinalProject", "final\FinalProject\FinalProject.csproj", "{4F33E721-E217-4AA1-9A01-1E6D138F3919}"
EndProject
Project("{9A19103F-16F7-4668-BE54-9A1E7A4F7556}") = "Foundation1", "final\Foundation1\Foundation1.csproj", "{807AB336-8FA5-4A0C-ABE0-E393FFCCD8E2}"
EndProject
Project("{9A19103F-16F7-4668-BE54-9A1E7A4F7556}") = "Foundation2", "final\Foundation2\Foundation2.csproj", "{0D85E8AB-6426-4844-BB98-4C3B387A3EAD}"
EndProject
Project("{9A19103F-16F7-4668-BE54-9A1E7A4F7556}") = "Foundation3", "final\Foundation3\Foundation3.csproj", "{E6376211-7A53-4364-B13A-C19BE50739E4}"
EndProject
Project("{9A19103F-16F7-4668-BE54-9A1E7A4F7556}") = "Foundation4", "final\Foundation4\Foundation4.csproj", "{B4B123D6-DCDE-4E3A-90B4-DF20CB8F0D3F}"
EndProject
Project("{2150E333-8FDC-42A3-9474-1A3956D46DE8}") = "In-Class", "In-Class", "{857A95AB-3352-4376-875C-E4C7E5E8E249}"
EndProject
Project("{9A19103F-16F7-4668-BE54-9A1E7A4F7556}") = "BookCase Program", "In-Class\BookCase Program\BookCase Program.csproj", "{B0446512-E7F6-427A-BB5B-65C3E14C1512}"
EndProject
Project("{9A19103F-16F7-4668-BE54-9A1E7A4F7556}") = "Laptop", "In-Class\Laptop\Laptop.csproj", "{823244AE-273A-443B-BC88-D1D8D67C062B}"
EndProject
Project("{9A19103F-16F7-4668-BE54-9A1E7A4F7556}") = "Tournament", "In-Class\Tournament\Tournament.csproj", "{B34C3209-5B4A-41CF-A0A6-3C923D67D918}"
EndProject
Project("{2150E333-8FDC-42A3-9474-1A3956D46DE8}") = "prepare", "prepare", "{500B6967-39D9-42DD-A774-A23D131D71CA}"
EndProject
Project("{9A19103F-16F7-4668-BE54-9A1E7A4F7556}") = "Learning02", "prepare\Learning02\Learning02.csproj", "{2B446D86-4988-4EA6-854E-5445A932955F}"
EndProject
Project("{9A19103F-16F7-4668-BE54-9A1E7A4F7556}") = "Learning03", "prepare\Learning03\Learning03.csproj", "{D6CD489A-FD35-412E-BC20-C881997A4C0D}"
EndProject
Project("{9A19103F-16F7-4668-BE54-9A1E7A4F7556}") = "Learning04", "prepare\Learning04\Learning04.csproj", "{EFB127AC-867B-4758-9298-9932CE90445A}"
EndProject
Project("{9A19103F-16F7-4668-BE54-9A1E7A4F7556}") = "Learning05", "prepare\Learning05\Learning05.csproj", "{865EAB70-AA48-4CD5-BE95-A21CE3C344C1}"
EndProject
Project("{2150E333-8FDC-42A3-9474-1A3956D46DE8}") = "prove", "prove", "{A6E6CE85-9D46-4BA8-84EA-BD5A527EC83C}"
EndProject
Project("{9A19103F-16F7-4668-BE54-9A1E7A4F7556}") = "Develop02", "prove\Develop02\Develop02.csproj", "{AC0D25A7-D931-4F01-9B09-B3316733A89C}"
EndProject
Project("{9A19103F-16F7-4668-BE54-9A1E7A4F7556}") = "Develop03", "prove\Develop03\Develop03.csproj", "{7375DE72-B903-460C-8CDC-A33A5B732ED5}"
EndProject
Project("{9A19103F-16F7-4668-BE54-9A1E7A4F7556}") = "Develop04", "prove\Develop04\Develop04.csproj", "{9E1128E9-A215-43EA-87C6-15F104B7D3B2}"
EndProject
Project("{9A19103F-16F7-4668-BE54-9A1E7A4F7556}") = "Develop05", "prove\Develop05\Develop05.csproj", "{614633C9-934A-4E61-A604-5D38D4483076}"
EndProject
Project("{2150E333-8FDC-42A3-9474-1A3956D46DE8}") = "sandbox", "sandbox", "{2784AC1D-AEE1-486E-BC58-B2FC8C2495A4}"
EndProject
Project("{9A19103F-16F7-4668-BE54-9A1E7A4F7556}") = "Sandbox", "sandbox\Sandbox\Sandbox.csproj", "{6440E247-4CBF-40F9-A6FC-30F03E226154}"
EndProject
Global
	GlobalSection(SolutionConfigurationPlatforms) = preSolution
		Debug|Any CPU = Debug|Any CPU
		Release|Any CPU = Release|Any CPU
	EndGlobalSection
	GlobalSection(ProjectConfigurationPlatforms) = postSolution
		{40D47A88-50A2-4A1E-B4B2-3CCB8713D936}.Debug|Any CPU.ActiveCfg = Debug|Any CPU
		{40D47A88-50A2-4A1E-B4B2-3CCB8713D936}.Debug|Any CPU.Build.0 = Debug|Any CPU
		{40D47A88-50A2-4A1E-B4B2-3CCB8713D936}.Release|Any CPU.ActiveCfg = Release|Any CPU
		{40D47A88-50A2-4A1E-B4B2-3CCB8713D936}.Release|Any CPU.Build.0 = Release|Any CPU
		{FD220B8D-E7AA-45A0-B618-630554FD8D2C}.Debug|Any CPU.ActiveCfg = Debug|Any CPU
		{FD220B8D-E7AA-45A0-B618-630554FD8D2C}.Debug|Any CPU.Build.0 = Debug|Any CPU
		{FD220B8D-E7AA-45A0-B618-630554FD8D2C}.Release|Any CPU.ActiveCfg = Release|Any CPU
		{FD220B8D-E7AA-45A0-B618-630554FD8D2C}.Release|Any CPU.Build.0 = Release|Any CPU
		{50958D14-78DE-4319-B2F1-6B40DF9CFE04}.Debug|Any CPU.ActiveCfg = Debug|Any CPU
		{50958D14-78DE-4319-B2F1-6B40DF9CFE04}.Debug|Any CPU.Build.0 = Debug|Any CPU
		{50958D14-78DE-4319-B2F1-6B40DF9CFE04}.Release|Any CPU.ActiveCfg = Release|Any CPU
		{50958D14-78DE-4319-B2F1-6B40DF9CFE04}.Release|Any CPU.Build.0 = Release|Any CPU
		{7F0EDEC3-1C54-4406-889C-33280F7F6448}.Debug|Any CPU.ActiveCfg = Debug|Any CPU
		{7F0EDEC3-1C54-4406-889C-33280F7F6448}.Debug|Any CPU.Build.0 = Debug|Any CPU
		{7F0EDEC3-1C54-4406-889C-33280F7F6448}.Release|Any CPU.ActiveCfg = Release|Any CPU
		{7F0EDEC3-1C54-4406-889C-33280F7F6448}.Release|Any CPU.Build.0 = Release|Any CPU
		{B137E357-7216-44BD-A365-6D0F7BE29701}.Debug|Any CPU.ActiveCfg = Debug|Any CPU
		{B137E357-7216-44BD-A365-6D0F7BE29701}.Debug|Any CPU.Build.0 = Debug|Any CPU
		{B137E357-7216-44BD-A365-6D0F7BE29701}.Release|Any CPU.ActiveCfg = Release|Any CPU
		{B137E357-7216-44BD-A365-6D0F7BE29701}.Release|Any CPU.Build.0 = Release|Any CPU
		{EB47F63E-787B-4728-A8DD-F5482C3BF487}.Debug|Any CPU.ActiveCfg = Debug|Any CPU
		{EB47F63E-787B-4728-A8DD-F5482C3BF487}.Debug|Any CPU.Build.0 = Debug|Any CPU
		{EB47F63E-787B-4728-A8DD-F5482C3BF487}.Release|Any CPU.ActiveCfg = Release|Any CPU
		{EB47F63E-787B-4728-A8DD-F5482C3BF487}.Release|Any CPU.Build.0 = Release|Any CPU
		{4F33E721-E217-4AA1-9A01-1E6D138F3919}.Debug|Any CPU.ActiveCfg = Debug|Any CPU
		{4F33E721-E217-4AA1-9A01-1E6D138F3919}.Debug|Any CPU.Build.0 = Debug|Any CPU
		{4F33E721-E217-4AA1-9A01-1E6D138F3919}.Release|Any CPU.ActiveCfg = Release|Any CPU
		{4F33E721-E217-4AA1-9A01-1E6D138F3919}.Release|Any CPU.Build.0 = Release|Any CPU
		{807AB336-8FA5-4A0C-ABE0-E393FFCCD8E2}.Debug|Any CPU.ActiveCfg = Debug|Any CPU
		{807AB336-8FA5-4A0C-ABE0-E393FFCCD8E2}.Debug|Any CPU.Build.0 = Debug|Any CPU
		{807AB336-8FA5-4A0C-ABE0-E393FFCCD8E2}.Release|Any CPU.ActiveCfg = Release|Any CPU
		{807AB336-8FA5-4A0C-ABE0-E393FFCCD8E2}.Release|Any CPU.Build.0 = Release|Any CPU
		{0D85E8AB-6426-4844-BB98-4C3B387A3EAD}.Debug|Any CPU.ActiveCfg = Debug|Any CPU
		{0D85E8AB-6426-4844-BB98-4C3B387A3EAD}.Debug|Any CPU.Build.0 = Debug|Any CPU
		{0D85E8AB-6426-4844-BB98-4C3B387A3EAD}.Release|Any CPU.ActiveCfg = Release|Any CPU
		{0D85E8AB-6426-4844-BB98-4C3B387A3EAD}.Release|Any CPU.Build.0 = Release|Any CPU
		{E6376211-7A53-4364-B13A-C19BE50739E4}.Debug|Any CPU.ActiveCfg = Debug|Any CPU
		{E6376211-7A53-4364-B13A-C19BE50739E4}.Debug|Any CPU.Build.0 = Debug|Any CPU
		{E6376211-7A53-4364-B13A-C19BE50739E4}.Release|Any CPU.ActiveCfg = Release|Any CPU
		{E6376211-7A53-4364-B13A-C19BE50739E4}.Release|Any CPU.Build.0 = Release|Any CPU
		{B4B123D6-DCDE-4E3A-90B4-DF20CB8F0D3F}.Debug|Any CPU.ActiveCfg = Debug|Any CPU
		{B4B123D6-DCDE-4E3A-90B4-DF20CB8F0D3F}.Debug|Any CPU.Build.0 = Debug|Any CPU
		{B4B123D6-DCDE-4E3A-90B4-DF20CB8F0D3F}.Release|Any CPU.ActiveCfg = Release|Any CPU
		{B4B123D6-DCDE-4E3A-90B4-DF20CB8F0D3F}.Release|Any CPU.Build.0 = Release|Any CPU
		{B0446512-E7F6-427A-BB5B-65C3E14C1512}.Debug|Any CPU.ActiveCfg = Debug|Any CPU
		{B0446512-E7F6-427A-BB5B-65C3E14C1512}.Debug|Any CPU.Build.0 = Debug|Any CPU
		{B0446512-E7F6-427A-BB5B-65C3E14C1512}.Release|Any CPU.ActiveCfg = Release|Any CPU
		{B0446512-E7F6-427A-BB5B-65C3E14C1512}.Release|Any CPU.Build.0 = Release|Any CPU
		{823244AE-273A-443B-BC88-D1D8D67C062B}.Debug|Any CPU.ActiveCfg = Debug|Any CPU
		{823244AE-273A-443B-BC88-D1D8D67C062B}.Debug|Any CPU.Build.0 = Debug|Any CPU
		{823244AE-273A-443B-BC88-D1D8D67C062B}.Release|Any CPU.ActiveCfg = Release|Any CPU
		{823244AE-273A-443B-BC88-D1D8D67C062B}.Release|Any CPU.Build.0 = Release|Any CPU
		{B34C3209-5B4A-41CF-A0A6-3C923D67D918}.Debug|Any CPU.ActiveCfg = Debug|Any CPU
		{B34C3209-5B4A-41CF-A0A6-3C923D67D918}.Debug|Any CPU.Build.0 = Debug|Any CPU
		{B34C3209-5B4A-41CF-A0A6-3C923D67D918}.Release|Any CPU.ActiveCfg = Release|Any CPU
		{B34C3209-5B4A-41CF-A0A6-3C923D67D918}.Release|Any CPU.Build.0 = Release|Any CPU
		{2B446D86-4988-4EA6-854E-5445A932955F}.Debug|Any CPU.ActiveCfg = Debug|Any CPU
		{2B446D86-4988-4EA6-854E-5445A932955F}.Debug|Any CPU.Build.0 = Debug|Any CPU
		{2B446D86-4988-4EA6-854E-5445A932955F}.Release|Any CPU.ActiveCfg = Release|Any CPU
		{2B446D86-4988-4EA6-854E-5445A932955F}.Release|Any CPU.Build.0 = Release|Any CPU
		{D6CD489A-FD35-412E-BC20-C881997A4C0D}.Debug|Any CPU.ActiveCfg = Debug|Any CPU
		{D6CD489A-FD35-412E-BC20-C881997A4C0D}.Debug|Any CPU.Build.0 = Debug|Any CPU
		{D6CD489A-FD35-412E-BC20-C881997A4C0D}.Release|Any CPU.ActiveCfg = Release|Any CPU
		{D6CD489A-FD35-412E-BC20-C881997A4C0D}.Release|Any CPU.Build.0 = Release|Any CPU
		{EFB127AC-867B-4758-9298-9932CE90445A}.Debug|Any CPU.ActiveCfg = Debug|Any CPU
		{EFB127AC-867B-4758-9298-9932CE90445A}.Debug|Any CPU.Build.0 = Debug|Any CPU
		{EFB127AC-867B-4758-9298-9932CE90445A}.Release|Any CPU.ActiveCfg = Release|Any CPU
		{EFB127AC-867B-4758-9298-9932CE90445A}.Release|Any CPU.Build.0 = Release|Any CPU
		{865EAB70-AA48-4CD5-BE95-A21CE3C344C1}.Debug|Any CPU.ActiveCfg = Debug|Any CPU
		{865EAB70-AA48-4CD5-BE95-A21CE3C344C1}.Debug|Any CPU.Build.0 = Debug|Any CPU
		{865EAB70-AA48-4CD5-BE95-A21CE3C344C1}.Release|Any CPU.ActiveCfg = Release|Any CPU
		{865EAB70-AA48-4CD5-BE95-A21CE3C344C1}.Release|Any CPU.Build.0 = Release|Any CPU
		{AC0D25A7-D931-4F01-9B09-B3316733A89C}.Debug|Any CPU.ActiveCfg = Debug|Any CPU
		{AC0D25A7-D931-4F01-9B09-B3316733A89C}.Debug|Any CPU.Build.0 = Debug|Any CPU
		{AC0D25A7-D931-4F01-9B09-B3316733A89C}.Release|Any CPU.ActiveCfg = Release|Any CPU
		{AC0D25A7-D931-4F01-9B09-B3316733A89C}.Release|Any CPU.Build.0 = Release|Any CPU
		{7375DE72-B903-460C-8CDC-A33A5B732ED5}.Debug|Any CPU.ActiveCfg = Debug|Any CPU
		{7375DE72-B903-460C-8CDC-A33A5B732ED5}.Debug|Any CPU.Build.0 = Debug|Any CPU
		{7375DE72-B903-460C-8CDC-A33A5B732ED5}.Release|Any CPU.ActiveCfg = Release|Any CPU
		{7375DE72-B903-460C-8CDC-A33A5B732ED5}.Release|Any CPU.Build.0 = Release|Any CPU
		{9E1128E9-A215-43EA-87C6-15F104B7D3B2}.Debug|Any CPU.ActiveCfg = Debug|Any CPU
		{9E1128E9-A215-43EA-87C6-15F104B7D3B2}.Debug|Any CPU.Build.0 = Debug|Any CPU
		{9E1128E9-A215-43EA-87C6-15F104B7D3B2}.Release|Any CPU.ActiveCfg = Release|Any CPU
		{9E1128E9-A215-43EA-87C6-15F104B7D3B2}.Release|Any CPU.Build.0 = Release|Any CPU
		{614633C9-934A-4E61-A604-5D38D4483076}.Debug|Any CPU.ActiveCfg = Debug|Any CPU
		{614633C9-934A-4E61-A604-5D38D4483076}.Debug|Any CPU.Build.0 = Debug|Any CPU
		{614633C9-934A-4E61-A604-5D38D4483076}.Release|Any CPU.ActiveCfg = Release|Any CPU
		{614633C9-934A-4E61-A604-5D38D4483076}.Release|Any CPU.Build.0 = Release|Any CPU
		{6440E247-4CBF-40F9-A6FC-30F03E226154}.Debug|Any CPU.ActiveCfg = Debug|Any CPU
		{6440E247-4CBF-40F9-A6FC-30F03E226154}.Debug|Any CPU.Build.0 = Debug|Any CPU
		{6440E247-4CBF-40F9-A6FC-30F03E226154}.Release|Any CPU.ActiveCfg = Release|Any CPU
		{6440E247-4CBF-40F9-A6FC-30F03E226154}.Release|Any CPU.Build.0 = Release|Any CPU
	EndGlobalSection
	GlobalSection(SolutionProperties) = preSolution
		HideSolutionNode = FALSE
	EndGlobalSection
	GlobalSection(NestedProjects) = preSolution
		{FD220B8D-E7AA-45A0-B618-630554FD8D2C} = {D2CADF1A-3744-46C5-AD26-CF3A0842E92C}
		{50958D14-78DE-4319-B2F1-6B40DF9CFE04} = {D2CADF1A-3744-46C5-AD26-CF3A0842E92C}
		{7F0EDEC3-1C54-4406-889C-33280F7F6448} = {D2CADF1A-3744-46C5-AD26-CF3A0842E92C}
		{B137E357-7216-44BD-A365-6D0F7BE29701} = {D2CADF1A-3744-46C5-AD26-CF3A0842E92C}
		{EB47F63E-787B-4728-A8DD-F5482C3BF487} = {D2CADF1A-3744-46C5-AD26-CF3A0842E92C}
		{4F33E721-E217-4AA1-9A01-1E6D138F3919} = {9800FF04-BE1A-423E-A849-6BC477511645}
		{807AB336-8FA5-4A0C-ABE0-E393FFCCD8E2} = {9800FF04-BE1A-423E-A849-6BC477511645}
		{0D85E8AB-6426-4844-BB98-4C3B387A3EAD} = {9800FF04-BE1A-423E-A849-6BC477511645}
		{E6376211-7A53-4364-B13A-C19BE50739E4} = {9800FF04-BE1A-423E-A849-6BC477511645}
		{B4B123D6-DCDE-4E3A-90B4-DF20CB8F0D3F} = {9800FF04-BE1A-423E-A849-6BC477511645}
		{B0446512-E7F6-427A-BB5B-65C3E14C1512} = {857A95AB-3352-4376-875C-E4C7E5E8E249}
		{823244AE-273A-443B-BC88-D1D8D67C062B} = {857A95AB-3352-4376-875C-E4C7E5E8E249}
		{B34C3209-5B4A-41CF-A0A6-3C923D67D918} = {857A95AB-3352-4376-875C-E4C7E5E8E249}
		{2B446D86-4988-4EA6-854E-5445A932955F} = {500B6967-39D9-42DD-A774-A23D131D71CA}
		{D6CD489A-FD35-412E-BC20-C881997A4C0D} = {500B6967-39D9-42DD-A774-A23D131D71CA}
		{EFB127AC-867B-4758-9298-9932CE90445A} = {500B6967-39D9-42DD-A774-A23D131D71CA}
		{865EAB70-AA48-4CD5-BE95-A21CE3C344C1} = {500B6967-39D9-42DD-A774-A23D131D71CA}
		{AC0D25A7-D931-4F01-9B09-B3316733A89C} = {A6E6CE85-9D46-4BA8-84EA-BD5A527EC83C}
		{7375DE72-B903-460C-8CDC-A33A5B732ED5} = {A6E6CE85-9D46-4BA8-84EA-BD5A527EC83C}
		{9E1128E9-A215-43EA-87C6-15F104B7D3B2} = {A6E6CE85-9D46-4BA8-84EA-BD5A527EC83C}
		{614633C9-934A-4E61-A604-5D38D4483076} = {A6E6CE85-9D46-4BA8-84EA-BD5A527EC83C}
		{6440E247-4CBF-40F9-A6FC-30F03E226154} = {2784AC1D-AEE1-486E-BC58-B2FC8C2495A4}
	EndGlobalSection
	GlobalSection(ExtensibilityGlobals) = postSolution
		SolutionGuid = {177CC182-712E-4D8A-98B7-4F8B7FBD8A38}
	EndGlobalSection
EndGlobal
